
Microsoft Visual Studio Solution File, Format Version 12.00
# Visual Studio Version 16
VisualStudioVersion = 16.0.31025.194
MinimumVisualStudioVersion = 10.0.40219.1
Project("{888888A0-9F3D-457C-B088-3A5042F75D52}") = "python_practise", "python_practise\python_practise.pyproj", "{F8121079-C6E5-4A68-A581-FA57DEC7911A}"
EndProject
Global
	GlobalSection(SolutionConfigurationPlatforms) = preSolution
		Debug|Any CPU = Debug|Any CPU
		Release|Any CPU = Release|Any CPU
	EndGlobalSection
	GlobalSection(ProjectConfigurationPlatforms) = postSolution
		{F8121079-C6E5-4A68-A581-FA57DEC7911A}.Debug|Any CPU.ActiveCfg = Debug|Any CPU
		{F8121079-C6E5-4A68-A581-FA57DEC7911A}.Release|Any CPU.ActiveCfg = Release|Any CPU
	EndGlobalSection
	GlobalSection(SolutionProperties) = preSolution
		HideSolutionNode = FALSE
	EndGlobalSection
	GlobalSection(ExtensibilityGlobals) = postSolution
		SolutionGuid = {225A506A-9C70-433E-86EF-A6BDFECEE212}
	EndGlobalSection
EndGlobal
